{
  "version": 4,
  "terraform_version": "1.2.8",
  "serial": 24,
  "lineage": "ac26afdc-88ce-f438-3741-05951cf07477",
  "outputs": {
    "IPAddr": {
      "value": "192.168.56.111",
      "type": "string"
    },
    "IPAddr_2": {
      "value": "192.168.56.110",
      "type": "string"
    }
  },
  "resources": [
    {
      "mode": "managed",
      "type": "virtualbox_vm",
      "name": "node",
      "provider": "provider[\"registry.terraform.io/terra-farm/virtualbox\"]",
      "instances": [
        {
          "index_key": 0,
          "schema_version": 0,
          "attributes": {
            "boot_order": null,
            "checksum": null,
            "checksum_type": null,
            "cpus": 1,
            "id": "218581e6-7802-4885-86c6-b5e4861cd287",
            "image": "https://app.vagrantup.com/ubuntu/boxes/bionic64/versions/20180903.0.0/providers/virtualbox.box",
            "memory": "512 mib",
            "name": "node-01",
            "network_adapter": [
              {
                "device": "IntelPro1000MTDesktop",
                "host_interface": "VirtualBox Host-Only Ethernet Adapter",
                "ipv4_address": "192.168.56.110",
                "ipv4_address_available": "yes",
                "mac_address": "080027EA5994",
                "status": "up",
                "type": "hostonly"
              }
            ],
            "optical_disks": null,
            "status": "running",
            "url": null,
            "user_data": "#! /bin/bash\r\n\r\napt-get update\r\napt-get upgrade -y\r\necho 'ubuntu:ubuntu' | chpasswd"
          },
          "sensitive_attributes": [],
          "private": "bnVsbA=="
        },
        {
          "index_key": 1,
          "schema_version": 0,
          "attributes": {
            "boot_order": null,
            "checksum": null,
            "checksum_type": null,
            "cpus": 1,
            "id": "a6453010-43c5-45ae-a3f7-667f176b3bc3",
            "image": "https://app.vagrantup.com/ubuntu/boxes/bionic64/versions/20180903.0.0/providers/virtualbox.box",
            "memory": "512 mib",
            "name": "node-02",
            "network_adapter": [
              {
                "device": "IntelPro1000MTDesktop",
                "host_interface": "VirtualBox Host-Only Ethernet Adapter",
                "ipv4_address": "192.168.56.111",
                "ipv4_address_available": "yes",
                "mac_address": "08002744121C",
                "status": "up",
                "type": "hostonly"
              }
            ],
            "optical_disks": null,
            "status": "running",
            "url": null,
            "user_data": "#! /bin/bash\r\n\r\napt-get update\r\napt-get upgrade -y\r\necho 'ubuntu:ubuntu' | chpasswd"
          },
          "sensitive_attributes": [],
          "private": "bnVsbA=="
        }
      ]
    }
  ]
}
